{
  "lockfile-version": 1,
  "manifest": {
    "version": 1,
    "install": {
      "gnumake": {
        "pkg-path": "gnumake"
      },
      "go": {
        "pkg-path": "go"
      },
      "imagemagick": {
        "pkg-path": "imagemagick"
      },
      "jq": {
        "pkg-path": "jq"
      },
      "sqlite": {
        "pkg-path": "sqlite"
      }
    },
    "hook": {},
    "profile": {},
    "options": {}
  },
  "packages": [
    {
      "attr_path": "gnumake",
      "broken": false,
      "derivation": "/nix/store/58x1glcig8inznfv5sdrigljk4rn4lb0-gnumake-4.4.1.drv",
      "description": "Tool to control the generation of non-source files from sources",
      "install_id": "gnumake",
      "license": "GPL-3.0-or-later",
      "locked_url": "https://github.com/flox/nixpkgs?rev=ffbc9f8cbaacfb331b6017d5a5abb21a492c9a38",
      "name": "gnumake-4.4.1",
      "pname": "gnumake",
      "rev": "ffbc9f8cbaacfb331b6017d5a5abb21a492c9a38",
      "rev_count": 925861,
      "rev_date": "2026-01-11T10:35:08Z",
      "scrape_date": "2026-01-12T02:57:05.645649Z",
      "stabilities": [
        "unstable"
      ],
      "unfree": false,
      "version": "4.4.1",
      "outputs_to_install": [
        "man",
        "out"
      ],
      "outputs": {
        "info": "/nix/store/mmvr4hwsambcigjihl7lf3aiprhkdcd2-gnumake-4.4.1-info",
        "man": "/nix/store/b5lxm0lk6x1bix95n07cz810qfli84c5-gnumake-4.4.1-man",
        "out": "/nix/store/p15ia8pn2wxzdqaf07nrwdspfwsyrzyn-gnumake-4.4.1"
      },
      "system": "aarch64-darwin",
      "group": "toplevel",
      "priority": 5
    },
    {
      "attr_path": "gnumake",
      "broken": false,
      "derivation": "/nix/store/sklna5kvkyxs68s80xnyggz1z8b702b6-gnumake-4.4.1.drv",
      "description": "Tool to control the generation of non-source files from sources",
      "install_id": "gnumake",
      "license": "GPL-3.0-or-later",
      "locked_url": "https://github.com/flox/nixpkgs?rev=ffbc9f8cbaacfb331b6017d5a5abb21a492c9a38",
      "name": "gnumake-4.4.1",
      "pname": "gnumake",
      "rev": "ffbc9f8cbaacfb331b6017d5a5abb21a492c9a38",
      "rev_count": 925861,
      "rev_date": "2026-01-11T10:35:08Z",
      "scrape_date": "2026-01-12T03:13:09.131365Z",
      "stabilities": [
        "unstable"
      ],
      "unfree": false,
      "version": "4.4.1",
      "outputs_to_install": [
        "man",
        "out"
      ],
      "outputs": {
        "debug": "/nix/store/nzgvdhdnqcg0bpcq4k2aa2zd5qmwgg9x-gnumake-4.4.1-debug",
        "info": "/nix/store/ij1n1xja5ixfhv4fqi5j8xlkbc80n1lc-gnumake-4.4.1-info",
        "man": "/nix/store/3nailcskmiij9a4hb6dihaf0hqsfy7kg-gnumake-4.4.1-man",
        "out": "/nix/store/644anc4jyqal79d739mwr5bxznb1i5qx-gnumake-4.4.1"
      },
      "system": "aarch64-linux",
      "group": "toplevel",
      "priority": 5
    },
    {
      "attr_path": "gnumake",
      "broken": false,
      "derivation": "/nix/store/2v7zdb79wj91xd2pgpm3hs7bvc16w62i-gnumake-4.4.1.drv",
      "description": "Tool to control the generation of non-source files from sources",
      "install_id": "gnumake",
      "license": "GPL-3.0-or-later",
      "locked_url": "https://github.com/flox/nixpkgs?rev=ffbc9f8cbaacfb331b6017d5a5abb21a492c9a38",
      "name": "gnumake-4.4.1",
      "pname": "gnumake",
      "rev": "ffbc9f8cbaacfb331b6017d5a5abb21a492c9a38",
      "rev_count": 925861,
      "rev_date": "2026-01-11T10:35:08Z",
      "scrape_date": "2026-01-12T03:23:41.371512Z",
      "stabilities": [
        "unstable"
      ],
      "unfree": false,
      "version": "4.4.1",
      "outputs_to_install": [
        "man",
        "out"
      ],
      "outputs": {
        "info": "/nix/store/rbyz3pnr7n8wprrhy588siv2csisr5va-gnumake-4.4.1-info",
        "man": "/nix/store/rv8sy3pwwdn90a5vzk47rm5rx8q040dc-gnumake-4.4.1-man",
        "out": "/nix/store/w1zxhygdjxaff1rrp6na4qkh9x4aks8p-gnumake-4.4.1"
      },
      "system": "x86_64-darwin",
      "group": "toplevel",
      "priority": 5
    },
    {
      "attr_path": "gnumake",
      "broken": false,
      "derivation": "/nix/store/c8z2mcy4jhgpzm02s88gz34n8qa2k2ix-gnumake-4.4.1.drv",
      "description": "Tool to control the generation of non-source files from sources",
      "install_id": "gnumake",
      "license": "GPL-3.0-or-later",
      "locked_url": "https://github.com/flox/nixpkgs?rev=ffbc9f8cbaacfb331b6017d5a5abb21a492c9a38",
      "name": "gnumake-4.4.1",
      "pname": "gnumake",
      "rev": "ffbc9f8cbaacfb331b6017d5a5abb21a492c9a38",
      "rev_count": 925861,
      "rev_date": "2026-01-11T10:35:08Z",
      "scrape_date": "2026-01-12T03:33:36.721994Z",
      "stabilities": [
        "unstable"
      ],
      "unfree": false,
      "version": "4.4.1",
      "outputs_to_install": [
        "man",
        "out"
      ],
      "outputs": {
        "debug": "/nix/store/sg196gmr26wc93qj8ajzr5nw5hy54hfq-gnumake-4.4.1-debug",
        "info": "/nix/store/mcbi0v4cy602a08rkaxl3w3r3k1qmds2-gnumake-4.4.1-info",
        "man": "/nix/store/9l7klscdz1cf1wdhm6ihd0as6dxlxg72-gnumake-4.4.1-man",
        "out": "/nix/store/n5m6p0j4anvf5cyy79nb2qn7smkzs176-gnumake-4.4.1"
      },
      "system": "x86_64-linux",
      "group": "toplevel",
      "priority": 5
    },
    {
      "attr_path": "go",
      "broken": false,
      "derivation": "/nix/store/hgsy7836w5mmvbmfqq85ahvaijxp6hg5-go-1.25.5.drv",
      "description": "Go Programming language",
      "install_id": "go",
      "license": "BSD-3-Clause",
      "locked_url": "https://github.com/flox/nixpkgs?rev=ffbc9f8cbaacfb331b6017d5a5abb21a492c9a38",
      "name": "go-1.25.5",
      "pname": "go",
      "rev": "ffbc9f8cbaacfb331b6017d5a5abb21a492c9a38",
      "rev_count": 925861,
      "rev_date": "2026-01-11T10:35:08Z",
      "scrape_date": "2026-01-12T02:57:05.654157Z",
      "stabilities": [
        "unstable"
      ],
      "unfree": false,
      "version": "1.25.5",
      "outputs_to_install": [
        "out"
      ],
      "outputs": {
        "out": "/nix/store/fy2aq0rg6vbiyjfdpqy3429hqsan7iwm-go-1.25.5"
      },
      "system": "aarch64-darwin",
      "group": "toplevel",
      "priority": 5
    },
    {
      "attr_path": "go",
      "broken": false,
      "derivation": "/nix/store/szsqy070dn220802p3xz4qzayg21v51h-go-1.25.5.drv",
      "description": "Go Programming language",
      "install_id": "go",
      "license": "BSD-3-Clause",
      "locked_url": "https://github.com/flox/nixpkgs?rev=ffbc9f8cbaacfb331b6017d5a5abb21a492c9a38",
      "name": "go-1.25.5",
      "pname": "go",
      "rev": "ffbc9f8cbaacfb331b6017d5a5abb21a492c9a38",
      "rev_count": 925861,
      "rev_date": "2026-01-11T10:35:08Z",
      "scrape_date": "2026-01-12T03:13:09.145846Z",
      "stabilities": [
        "unstable"
      ],
      "unfree": false,
      "version": "1.25.5",
      "outputs_to_install": [
        "out"
      ],
      "outputs": {
        "out": "/nix/store/30d96229dgrh6n6bmd4hn9r1hcngj9bn-go-1.25.5"
      },
      "system": "aarch64-linux",
      "group": "toplevel",
      "priority": 5
    },
    {
      "attr_path": "go",
      "broken": false,
      "derivation": "/nix/store/h6nns7plcgc96n5d5fx6d3gaimdb5ji1-go-1.25.5.drv",
      "description": "Go Programming language",
      "install_id": "go",
      "license": "BSD-3-Clause",
      "locked_url": "https://github.com/flox/nixpkgs?rev=ffbc9f8cbaacfb331b6017d5a5abb21a492c9a38",
      "name": "go-1.25.5",
      "pname": "go",
      "rev": "ffbc9f8cbaacfb331b6017d5a5abb21a492c9a38",
      "rev_count": 925861,
      "rev_date": "2026-01-11T10:35:08Z",
      "scrape_date": "2026-01-12T03:23:41.380187Z",
      "stabilities": [
        "unstable"
      ],
      "unfree": false,
      "version": "1.25.5",
      "outputs_to_install": [
        "out"
      ],
      "outputs": {
        "out": "/nix/store/wzakp2xy6if4n2b4fb1fkdjwilwlpifk-go-1.25.5"
      },
      "system": "x86_64-darwin",
      "group": "toplevel",
      "priority": 5
    },
    {
      "attr_path": "go",
      "broken": false,
      "derivation": "/nix/store/zl4wd83m32ygpjcljdl5wqsn0fq9093j-go-1.25.5.drv",
      "description": "Go Programming language",
      "install_id": "go",
      "license": "BSD-3-Clause",
      "locked_url": "https://github.com/flox/nixpkgs?rev=ffbc9f8cbaacfb331b6017d5a5abb21a492c9a38",
      "name": "go-1.25.5",
      "pname": "go",
      "rev": "ffbc9f8cbaacfb331b6017d5a5abb21a492c9a38",
      "rev_count": 925861,
      "rev_date": "2026-01-11T10:35:08Z",
      "scrape_date": "2026-01-12T03:33:36.737943Z",
      "stabilities": [
        "unstable"
      ],
      "unfree": false,
      "version": "1.25.5",
      "outputs_to_install": [
        "out"
      ],
      "outputs": {
        "out": "/nix/store/60z37432vmgkg54krwr1z057bqwp7583-go-1.25.5"
      },
      "system": "x86_64-linux",
      "group": "toplevel",
      "priority": 5
    },
    {
      "attr_path": "imagemagick",
      "broken": false,
      "derivation": "/nix/store/qmbnnxay37g5c78mks1mylnic01hwcqp-imagemagick-7.1.2-11.drv",
      "description": "Software suite to create, edit, compose, or convert bitmap images",
      "install_id": "imagemagick",
      "license": "Apache-2.0",
      "locked_url": "https://github.com/flox/nixpkgs?rev=ffbc9f8cbaacfb331b6017d5a5abb21a492c9a38",
      "name": "imagemagick-7.1.2-11",
      "pname": "imagemagick",
      "rev": "ffbc9f8cbaacfb331b6017d5a5abb21a492c9a38",
      "rev_count": 925861,
      "rev_date": "2026-01-11T10:35:08Z",
      "scrape_date": "2026-01-12T02:57:19.735845Z",
      "stabilities": [
        "unstable"
      ],
      "unfree": false,
      "version": "7.1.2-11",
      "outputs_to_install": [
        "out"
      ],
      "outputs": {
        "dev": "/nix/store/h62nffpg06sg3z8m1f8zylh18bf73rns-imagemagick-7.1.2-11-dev",
        "doc": "/nix/store/fpnfkb98b4914f5rhi3wb4nns37s9qlg-imagemagick-7.1.2-11-doc",
        "out": "/nix/store/fq59i9l5chsnhxh1ahj22df3if39vg0x-imagemagick-7.1.2-11"
      },
      "system": "aarch64-darwin",
      "group": "toplevel",
      "priority": 5
    },
    {
      "attr_path": "imagemagick",
      "broken": false,
      "derivation": "/nix/store/1rghfjnb49akjzlgmqxyvhq4zh698011-imagemagick-7.1.2-11.drv",
      "description": "Software suite to create, edit, compose, or convert bitmap images",
      "install_id": "imagemagick",
      "license": "Apache-2.0",
      "locked_url": "https://github.com/flox/nixpkgs?rev=ffbc9f8cbaacfb331b6017d5a5abb21a492c9a38",
      "name": "imagemagick-7.1.2-11",
      "pname": "imagemagick",
      "rev": "ffbc9f8cbaacfb331b6017d5a5abb21a492c9a38",
      "rev_count": 925861,
      "rev_date": "2026-01-11T10:35:08Z",
      "scrape_date": "2026-01-12T03:13:27.370930Z",
      "stabilities": [
        "unstable"
      ],
      "unfree": false,
      "version": "7.1.2-11",
      "outputs_to_install": [
        "out",
        "out"
      ],
      "outputs": {
        "dev": "/nix/store/c3mzw08f2sywj5pcqfyvp2vg3paf0acn-imagemagick-7.1.2-11-dev",
        "doc": "/nix/store/p461inbsj7x41shq5nz2c6giqsxwj4aq-imagemagick-7.1.2-11-doc",
        "out": "/nix/store/jgxnhc6dd5s5vn0k0blf6csyi0vab8fd-imagemagick-7.1.2-11"
      },
      "system": "aarch64-linux",
      "group": "toplevel",
      "priority": 5
    },
    {
      "attr_path": "imagemagick",
      "broken": false,
      "derivation": "/nix/store/2xfzrk3gh4z9xcna76llsm82szl4pdzq-imagemagick-7.1.2-11.drv",
      "description": "Software suite to create, edit, compose, or convert bitmap images",
      "install_id": "imagemagick",
      "license": "Apache-2.0",
      "locked_url": "https://github.com/flox/nixpkgs?rev=ffbc9f8cbaacfb331b6017d5a5abb21a492c9a38",
      "name": "imagemagick-7.1.2-11",
      "pname": "imagemagick",
      "rev": "ffbc9f8cbaacfb331b6017d5a5abb21a492c9a38",
      "rev_count": 925861,
      "rev_date": "2026-01-11T10:35:08Z",
      "scrape_date": "2026-01-12T03:23:55.183314Z",
      "stabilities": [
        "unstable"
      ],
      "unfree": false,
      "version": "7.1.2-11",
      "outputs_to_install": [
        "out"
      ],
      "outputs": {
        "dev": "/nix/store/r4a0ydcxifpifh1r9z6s4grc8pdwzgvr-imagemagick-7.1.2-11-dev",
        "doc": "/nix/store/mv4avnfgxsf517llf0f4h9ag74pchga0-imagemagick-7.1.2-11-doc",
        "out": "/nix/store/v00m47mxdmx2fzvxjg9147qqcvmdnybj-imagemagick-7.1.2-11"
      },
      "system": "x86_64-darwin",
      "group": "toplevel",
      "priority": 5
    },
    {
      "attr_path": "imagemagick",
      "broken": false,
      "derivation": "/nix/store/9pd78j1kx0w7srfqqji81q9ssmjhmyx8-imagemagick-7.1.2-11.drv",
      "description": "Software suite to create, edit, compose, or convert bitmap images",
      "install_id": "imagemagick",
      "license": "Apache-2.0",
      "locked_url": "https://github.com/flox/nixpkgs?rev=ffbc9f8cbaacfb331b6017d5a5abb21a492c9a38",
      "name": "imagemagick-7.1.2-11",
      "pname": "imagemagick",
      "rev": "ffbc9f8cbaacfb331b6017d5a5abb21a492c9a38",
      "rev_count": 925861,
      "rev_date": "2026-01-11T10:35:08Z",
      "scrape_date": "2026-01-12T03:33:55.912290Z",
      "stabilities": [
        "unstable"
      ],
      "unfree": false,
      "version": "7.1.2-11",
      "outputs_to_install": [
        "out",
        "out"
      ],
      "outputs": {
        "dev": "/nix/store/47y76bq8qcnpxizqgl0c0j15s7ciix5r-imagemagick-7.1.2-11-dev",
        "doc": "/nix/store/y4ncgbx0fwj3fn0j8q71fb1dk5jplzd1-imagemagick-7.1.2-11-doc",
        "out": "/nix/store/dfj4g2rpz8yf1g6ybj7d37p4kmwsl772-imagemagick-7.1.2-11"
      },
      "system": "x86_64-linux",
      "group": "toplevel",
      "priority": 5
    },
    {
      "attr_path": "jq",
      "broken": false,
      "derivation": "/nix/store/xh7sg4v2x4d44yzvmx9zcr71gn7z6b03-jq-1.8.1.drv",
      "description": "Lightweight and flexible command-line JSON processor",
      "install_id": "jq",
      "license": "MIT",
      "locked_url": "https://github.com/flox/nixpkgs?rev=ffbc9f8cbaacfb331b6017d5a5abb21a492c9a38",
      "name": "jq-1.8.1",
      "pname": "jq",
      "rev": "ffbc9f8cbaacfb331b6017d5a5abb21a492c9a38",
      "rev_count": 925861,
      "rev_date": "2026-01-11T10:35:08Z",
      "scrape_date": "2026-01-12T02:57:20.278663Z",
      "stabilities": [
        "unstable"
      ],
      "unfree": false,
      "version": "1.8.1",
      "outputs_to_install": [
        "bin",
        "man"
      ],
      "outputs": {
        "bin": "/nix/store/9rm6fm3zq1jq8rgsx528cw8wkmfya2gf-jq-1.8.1-bin",
        "dev": "/nix/store/5camppj4hz2mgkdbxs0kr6nvh6qa65wf-jq-1.8.1-dev",
        "doc": "/nix/store/lak094rhhxlaj1qycadmxyfphgjadj5r-jq-1.8.1-doc",
        "man": "/nix/store/cv999saj62xhq7xv5i7q6944vljykfmw-jq-1.8.1-man",
        "out": "/nix/store/g371yvjasdr552v98p5kav7n35s1dfib-jq-1.8.1"
      },
      "system": "aarch64-darwin",
      "group": "toplevel",
      "priority": 5
    },
    {
      "attr_path": "jq",
      "broken": false,
      "derivation": "/nix/store/900w59hvyx6q26igzlgk2pn2wjx0fsss-jq-1.8.1.drv",
      "description": "Lightweight and flexible command-line JSON processor",
      "install_id": "jq",
      "license": "MIT",
      "locked_url": "https://github.com/flox/nixpkgs?rev=ffbc9f8cbaacfb331b6017d5a5abb21a492c9a38",
      "name": "jq-1.8.1",
      "pname": "jq",
      "rev": "ffbc9f8cbaacfb331b6017d5a5abb21a492c9a38",
      "rev_count": 925861,
      "rev_date": "2026-01-11T10:35:08Z",
      "scrape_date": "2026-01-12T03:13:28.263169Z",
      "stabilities": [
        "unstable"
      ],
      "unfree": false,
      "version": "1.8.1",
      "outputs_to_install": [
        "bin",
        "bin",
        "man"
      ],
      "outputs": {
        "bin": "/nix/store/m8qv4g54q3jmjb8i33v9lljcwhydx2vd-jq-1.8.1-bin",
        "dev": "/nix/store/5ykn83b3hhvnnq0p5vqgcrzihrl9wpsl-jq-1.8.1-dev",
        "doc": "/nix/store/37ypy1595g6rj3cymh1mpk2b25fx40g7-jq-1.8.1-doc",
        "man": "/nix/store/9x2457g76jikfy7xq4mjqwzl8iz3zvxj-jq-1.8.1-man",
        "out": "/nix/store/16lg603jzppwjanlakcak1ais69mkd03-jq-1.8.1"
      },
      "system": "aarch64-linux",
      "group": "toplevel",
      "priority": 5
    },
    {
      "attr_path": "jq",
      "broken": false,
      "derivation": "/nix/store/cajf8n8zpw65sd9ch7av6lwwb2qkvx8v-jq-1.8.1.drv",
      "description": "Lightweight and flexible command-line JSON processor",
      "install_id": "jq",
      "license": "MIT",
      "locked_url": "https://github.com/flox/nixpkgs?rev=ffbc9f8cbaacfb331b6017d5a5abb21a492c9a38",
      "name": "jq-1.8.1",
      "pname": "jq",
      "rev": "ffbc9f8cbaacfb331b6017d5a5abb21a492c9a38",
      "rev_count": 925861,
      "rev_date": "2026-01-11T10:35:08Z",
      "scrape_date": "2026-01-12T03:23:55.715433Z",
      "stabilities": [
        "unstable"
      ],
      "unfree": false,
      "version": "1.8.1",
      "outputs_to_install": [
        "bin",
        "man"
      ],
      "outputs": {
        "bin": "/nix/store/kkb17whpkdrmn9g3gk7y6l69vipxsw0i-jq-1.8.1-bin",
        "dev": "/nix/store/lypnqs272644l8ff6wfji9rg5jw10v7h-jq-1.8.1-dev",
        "doc": "/nix/store/nyw97c4pywfcqqap5hyk9xjghczlbshl-jq-1.8.1-doc",
        "man": "/nix/store/iwr61wi83kflqvz8j5nf7ridaqq6nh2w-jq-1.8.1-man",
        "out": "/nix/store/ri930a557685c64bdh88a5031i7hx3vy-jq-1.8.1"
      },
      "system": "x86_64-darwin",
      "group": "toplevel",
      "priority": 5
    },
    {
      "attr_path": "jq",
      "broken": false,
      "derivation": "/nix/store/ig0anfgqf7v924r7djvvp8vi46r74g5k-jq-1.8.1.drv",
      "description": "Lightweight and flexible command-line JSON processor",
      "install_id": "jq",
      "license": "MIT",
      "locked_url": "https://github.com/flox/nixpkgs?rev=ffbc9f8cbaacfb331b6017d5a5abb21a492c9a38",
      "name": "jq-1.8.1",
      "pname": "jq",
      "rev": "ffbc9f8cbaacfb331b6017d5a5abb21a492c9a38",
      "rev_count": 925861,
      "rev_date": "2026-01-11T10:35:08Z",
      "scrape_date": "2026-01-12T03:33:56.962349Z",
      "stabilities": [
        "unstable"
      ],
      "unfree": false,
      "version": "1.8.1",
      "outputs_to_install": [
        "bin",
        "bin",
        "man"
      ],
      "outputs": {
        "bin": "/nix/store/zssasryipb2x4gk2ahzacl4mvvcmk48j-jq-1.8.1-bin",
        "dev": "/nix/store/rmxxm5jnxq93kvkhbr2b3hzj6v3ldp8z-jq-1.8.1-dev",
        "doc": "/nix/store/mkhfvc69grlky3iblibkw9wcc12jcdqq-jq-1.8.1-doc",
        "man": "/nix/store/7d4pv1iymyqk2lykwj1ydml3rjhc6gl3-jq-1.8.1-man",
        "out": "/nix/store/807g765zgpmp1c8fm5y40rw2gbr1k6dk-jq-1.8.1"
      },
      "system": "x86_64-linux",
      "group": "toplevel",
      "priority": 5
    },
    {
      "attr_path": "sqlite",
      "broken": false,
      "derivation": "/nix/store/ld25n61svsdllkxxnkazbvl2s9q9hc47-sqlite-3.51.1.drv",
      "description": "Self-contained, serverless, zero-configuration, transactional SQL database engine",
      "install_id": "sqlite",
      "license": "Public Domain",
      "locked_url": "https://github.com/flox/nixpkgs?rev=ffbc9f8cbaacfb331b6017d5a5abb21a492c9a38",
      "name": "sqlite-3.51.1",
      "pname": "sqlite",
      "rev": "ffbc9f8cbaacfb331b6017d5a5abb21a492c9a38",
      "rev_count": 925861,
      "rev_date": "2026-01-11T10:35:08Z",
      "scrape_date": "2026-01-12T02:58:44.851872Z",
      "stabilities": [
        "unstable"
      ],
      "unfree": false,
      "version": "3.51.1",
      "outputs_to_install": [
        "bin",
        "man"
      ],
      "outputs": {
        "bin": "/nix/store/a186f18sdws3qklx5va41s7ifw7bsb00-sqlite-3.51.1-bin",
        "dev": "/nix/store/x41hb0yp57sld90svdj6avg6wkpjh49w-sqlite-3.51.1-dev",
        "doc": "/nix/store/y9v5vg60im2d4pg26d21f89lkfsnkbwc-sqlite-3.51.1-doc",
        "man": "/nix/store/gkzxfzbwrhhg2ravkl9dkjdsg513a8mk-sqlite-3.51.1-man",
        "out": "/nix/store/6yawzw96lhv44d6rfkk8l5k22srfc81q-sqlite-3.51.1"
      },
      "system": "aarch64-darwin",
      "group": "toplevel",
      "priority": 5
    },
    {
      "attr_path": "sqlite",
      "broken": false,
      "derivation": "/nix/store/11v3vfn6vv1xba999i4lgf0qi1s239pp-sqlite-3.51.1.drv",
      "description": "Self-contained, serverless, zero-configuration, transactional SQL database engine",
      "install_id": "sqlite",
      "license": "Public Domain",
      "locked_url": "https://github.com/flox/nixpkgs?rev=ffbc9f8cbaacfb331b6017d5a5abb21a492c9a38",
      "name": "sqlite-3.51.1",
      "pname": "sqlite",
      "rev": "ffbc9f8cbaacfb331b6017d5a5abb21a492c9a38",
      "rev_count": 925861,
      "rev_date": "2026-01-11T10:35:08Z",
      "scrape_date": "2026-01-12T03:15:17.908195Z",
      "stabilities": [
        "unstable"
      ],
      "unfree": false,
      "version": "3.51.1",
      "outputs_to_install": [
        "bin",
        "man"
      ],
      "outputs": {
        "bin": "/nix/store/9prciviq1v39c1xfg7zz1dnh3gf54071-sqlite-3.51.1-bin",
        "debug": "/nix/store/hjycafslwds8364ykxrcn98fm34pznq0-sqlite-3.51.1-debug",
        "dev": "/nix/store/ayxchn2mch6cx8kjapnffsp0rpg63z8i-sqlite-3.51.1-dev",
        "doc": "/nix/store/kkq2w59ryaiwjfc1ffrd3pf7s5pkfbm9-sqlite-3.51.1-doc",
        "man": "/nix/store/v0i0f74zf9ap6lm6gyi500hx04pg4lkv-sqlite-3.51.1-man",
        "out": "/nix/store/kg79jrqc5cpf4y8xdq4skxfhwnwkv4nq-sqlite-3.51.1"
      },
      "system": "aarch64-linux",
      "group": "toplevel",
      "priority": 5
    },
    {
      "attr_path": "sqlite",
      "broken": false,
      "derivation": "/nix/store/a0iv2zzs04ndy8pq29rqgzwv0bh7lp7j-sqlite-3.51.1.drv",
      "description": "Self-contained, serverless, zero-configuration, transactional SQL database engine",
      "install_id": "sqlite",
      "license": "Public Domain",
      "locked_url": "https://github.com/flox/nixpkgs?rev=ffbc9f8cbaacfb331b6017d5a5abb21a492c9a38",
      "name": "sqlite-3.51.1",
      "pname": "sqlite",
      "rev": "ffbc9f8cbaacfb331b6017d5a5abb21a492c9a38",
      "rev_count": 925861,
      "rev_date": "2026-01-11T10:35:08Z",
      "scrape_date": "2026-01-12T03:25:22.251960Z",
      "stabilities": [
        "unstable"
      ],
      "unfree": false,
      "version": "3.51.1",
      "outputs_to_install": [
        "bin",
        "man"
      ],
      "outputs": {
        "bin": "/nix/store/yiflnvqlacl3m8dwk32v2jkcvk880db9-sqlite-3.51.1-bin",
        "dev": "/nix/store/7mkpb5j5am0kb1x4bslpr4wkfnpa2ifa-sqlite-3.51.1-dev",
        "doc": "/nix/store/yxpcziz52mnywkp0bdv8hfll6zp0hjxz-sqlite-3.51.1-doc",
        "man": "/nix/store/3ds853wgkqb16ak9bw5dz2dh3529i7j4-sqlite-3.51.1-man",
        "out": "/nix/store/3s77d97c92iwc8vka16ax5fdw0hq82bk-sqlite-3.51.1"
      },
      "system": "x86_64-darwin",
      "group": "toplevel",
      "priority": 5
    },
    {
      "attr_path": "sqlite",
      "broken": false,
      "derivation": "/nix/store/l9p90hm8zslgx0y076nfi30jijkk15fi-sqlite-3.51.1.drv",
      "description": "Self-contained, serverless, zero-configuration, transactional SQL database engine",
      "install_id": "sqlite",
      "license": "Public Domain",
      "locked_url": "https://github.com/flox/nixpkgs?rev=ffbc9f8cbaacfb331b6017d5a5abb21a492c9a38",
      "name": "sqlite-3.51.1",
      "pname": "sqlite",
      "rev": "ffbc9f8cbaacfb331b6017d5a5abb21a492c9a38",
      "rev_count": 925861,
      "rev_date": "2026-01-11T10:35:08Z",
      "scrape_date": "2026-01-12T03:36:01.474473Z",
      "stabilities": [
        "unstable"
      ],
      "unfree": false,
      "version": "3.51.1",
      "outputs_to_install": [
        "bin",
        "bin",
        "man"
      ],
      "outputs": {
        "bin": "/nix/store/lbm0vi6xqrmvin5a9cj7v69qc5ayg5q0-sqlite-3.51.1-bin",
        "debug": "/nix/store/az4zy215sxq147n227i99fgggzj9cqpy-sqlite-3.51.1-debug",
        "dev": "/nix/store/byl3w16n1zd8rnx040afcyy8zhn996w1-sqlite-3.51.1-dev",
        "doc": "/nix/store/ki6c1dpgsijg715nkgciyg3zsksixyq4-sqlite-3.51.1-doc",
        "man": "/nix/store/943jfmi9yq1yva0c1d50p9pzmssg47c6-sqlite-3.51.1-man",
        "out": "/nix/store/f6zwd0xdld51287as0sv79kbaf2pcayh-sqlite-3.51.1"
      },
      "system": "x86_64-linux",
      "group": "toplevel",
      "priority": 5
    }
  ]
}
