{
  "lockfile-version": 1,
  "manifest": {
    "schema-version": "1.10.0",
    "install": {
      "gnumake": {
        "pkg-path": "gnumake",
        "outputs": "all"
      },
      "go": {
        "pkg-path": "go"
      },
      "gum": {
        "pkg-path": "gum"
      },
      "imagemagick": {
        "pkg-path": "imagemagick",
        "outputs": "all"
      },
      "jq": {
        "pkg-path": "jq",
        "outputs": "all"
      },
      "libxml2": {
        "pkg-path": "libxml2",
        "outputs": "all"
      },
      "sqlite-interactive": {
        "pkg-path": "sqlite-interactive",
        "outputs": "all"
      }
    },
    "vars": {
      "INTRO_MESSAGE": "Local dev:\n    flox services start dev\n    http://localhost:8080\n"
    },
    "hook": {},
    "profile": {
      "common": "  gum style \\\n  --foreground 212 --border-foreground 212 --border double \\\n  --width 40 --margin \"1 1\" --padding \"1 1\" \\\n    $INTRO_MESSAGE\n"
    },
    "options": {},
    "services": {
      "dev": {
        "command": "go run ./cmd/tumble"
      }
    }
  },
  "packages": [
    {
      "attr_path": "gnumake",
      "broken": false,
      "derivation": "/nix/store/2x0iq3b0ldv411ld1i6a9ma8dh182h14-gnumake-4.4.1.drv",
      "description": "Tool to control the generation of non-source files from sources",
      "install_id": "gnumake",
      "license": "GPL-3.0-or-later",
      "locked_url": "https://github.com/flox/nixpkgs?rev=a82ccc39b39b621151d6732718e3e250109076fa",
      "name": "gnumake-4.4.1",
      "pname": "gnumake",
      "rev": "a82ccc39b39b621151d6732718e3e250109076fa",
      "rev_count": 945868,
      "rev_date": "2026-02-13T18:55:12Z",
      "scrape_date": "2026-02-15T04:39:03.421061Z",
      "stabilities": [
        "unstable"
      ],
      "unfree": false,
      "version": "4.4.1",
      "outputs_to_install": [
        "man",
        "man",
        "man",
        "man",
        "out",
        "out",
        "out",
        "out"
      ],
      "outputs": {
        "doc": "/nix/store/8cnmyqhnlxpl7k9z15cridfdd9kka64b-gnumake-4.4.1-doc",
        "info": "/nix/store/jar06k1k53zsig2iah8vaw1y9r0wxa55-gnumake-4.4.1-info",
        "man": "/nix/store/2cd4idcvj4fnn4ss1ffz9fqagfhvjpy1-gnumake-4.4.1-man",
        "out": "/nix/store/cz4rjcd28s9qqk2zcnn9d8pgs5l6qqy9-gnumake-4.4.1"
      },
      "system": "aarch64-darwin",
      "group": "toplevel",
      "priority": 5
    },
    {
      "attr_path": "gnumake",
      "broken": false,
      "derivation": "/nix/store/n3nk5kyi8ckasq265skqni13m34d2v20-gnumake-4.4.1.drv",
      "description": "Tool to control the generation of non-source files from sources",
      "install_id": "gnumake",
      "license": "GPL-3.0-or-later",
      "locked_url": "https://github.com/flox/nixpkgs?rev=a82ccc39b39b621151d6732718e3e250109076fa",
      "name": "gnumake-4.4.1",
      "pname": "gnumake",
      "rev": "a82ccc39b39b621151d6732718e3e250109076fa",
      "rev_count": 945868,
      "rev_date": "2026-02-13T18:55:12Z",
      "scrape_date": "2026-02-15T05:11:40.338175Z",
      "stabilities": [
        "unstable"
      ],
      "unfree": false,
      "version": "4.4.1",
      "outputs_to_install": [
        "man",
        "man",
        "out",
        "out"
      ],
      "outputs": {
        "debug": "/nix/store/4wnafz38wr2jld58vr5j41b6mc4n26r6-gnumake-4.4.1-debug",
        "doc": "/nix/store/15r3aanv0lh7mqi1gm3l8blpcnp05qzy-gnumake-4.4.1-doc",
        "info": "/nix/store/gjd78rqz1k94n1c2s2kip126f8gjbb6g-gnumake-4.4.1-info",
        "man": "/nix/store/i0rnnv9fm87c0228z34pgvk24ifqn6bm-gnumake-4.4.1-man",
        "out": "/nix/store/z9wllcd2plhx8863ka0zfh0mffxm6jir-gnumake-4.4.1"
      },
      "system": "aarch64-linux",
      "group": "toplevel",
      "priority": 5
    },
    {
      "attr_path": "gnumake",
      "broken": false,
      "derivation": "/nix/store/dhwc8f7yshq6m26lfn8sdsw9crnzfzkk-gnumake-4.4.1.drv",
      "description": "Tool to control the generation of non-source files from sources",
      "install_id": "gnumake",
      "license": "GPL-3.0-or-later",
      "locked_url": "https://github.com/flox/nixpkgs?rev=a82ccc39b39b621151d6732718e3e250109076fa",
      "name": "gnumake-4.4.1",
      "pname": "gnumake",
      "rev": "a82ccc39b39b621151d6732718e3e250109076fa",
      "rev_count": 945868,
      "rev_date": "2026-02-13T18:55:12Z",
      "scrape_date": "2026-02-15T05:45:46.970819Z",
      "stabilities": [
        "unstable"
      ],
      "unfree": false,
      "version": "4.4.1",
      "outputs_to_install": [
        "man",
        "out"
      ],
      "outputs": {
        "doc": "/nix/store/2kpsfrqzyr0kzckkdjbqnsdcz2d719lk-gnumake-4.4.1-doc",
        "info": "/nix/store/jlb9r2mzq8660lhn9my1pgri15jiqljq-gnumake-4.4.1-info",
        "man": "/nix/store/x7p2q0wx9828p9n8r3pisbijncsfphvr-gnumake-4.4.1-man",
        "out": "/nix/store/sqp22z2pm7s7n0wb3al4c3h47shw5aic-gnumake-4.4.1"
      },
      "system": "x86_64-darwin",
      "group": "toplevel",
      "priority": 5
    },
    {
      "attr_path": "gnumake",
      "broken": false,
      "derivation": "/nix/store/cy06y5fkvbiif016ab9icsj7vqyyiky1-gnumake-4.4.1.drv",
      "description": "Tool to control the generation of non-source files from sources",
      "install_id": "gnumake",
      "license": "GPL-3.0-or-later",
      "locked_url": "https://github.com/flox/nixpkgs?rev=a82ccc39b39b621151d6732718e3e250109076fa",
      "name": "gnumake-4.4.1",
      "pname": "gnumake",
      "rev": "a82ccc39b39b621151d6732718e3e250109076fa",
      "rev_count": 945868,
      "rev_date": "2026-02-13T18:55:12Z",
      "scrape_date": "2026-02-15T06:21:10.763591Z",
      "stabilities": [
        "unstable"
      ],
      "unfree": false,
      "version": "4.4.1",
      "outputs_to_install": [
        "man",
        "out"
      ],
      "outputs": {
        "debug": "/nix/store/fa0f3msdrc5il96nn5qvrbhf6779vvh1-gnumake-4.4.1-debug",
        "doc": "/nix/store/j2vz6gm38023yfg359cnawzvabqc0w9v-gnumake-4.4.1-doc",
        "info": "/nix/store/2pqq9mdchp0s0cgl1qqql38v502kbdi1-gnumake-4.4.1-info",
        "man": "/nix/store/an38a5jy0ivp1504yjbzgl4prvhjnix7-gnumake-4.4.1-man",
        "out": "/nix/store/5lyy21zm97pj8l67r2xapdkxpxb6v6y0-gnumake-4.4.1"
      },
      "system": "x86_64-linux",
      "group": "toplevel",
      "priority": 5
    },
    {
      "attr_path": "go",
      "broken": false,
      "derivation": "/nix/store/h19kjqi10ynjk0i6scllhv82gx45p58w-go-1.25.5.drv",
      "description": "Go Programming language",
      "install_id": "go",
      "license": "BSD-3-Clause",
      "locked_url": "https://github.com/flox/nixpkgs?rev=a82ccc39b39b621151d6732718e3e250109076fa",
      "name": "go-1.25.5",
      "pname": "go",
      "rev": "a82ccc39b39b621151d6732718e3e250109076fa",
      "rev_count": 945868,
      "rev_date": "2026-02-13T18:55:12Z",
      "scrape_date": "2026-02-15T04:39:03.429812Z",
      "stabilities": [
        "unstable"
      ],
      "unfree": false,
      "version": "1.25.5",
      "outputs_to_install": [
        "out",
        "out"
      ],
      "outputs": {
        "out": "/nix/store/wh88zz6r1ihcp2mm7ys1f2anp8aga6n2-go-1.25.5"
      },
      "system": "aarch64-darwin",
      "group": "toplevel",
      "priority": 5
    },
    {
      "attr_path": "go",
      "broken": false,
      "derivation": "/nix/store/32f3plvjz6apyxgi010l0c0ngqydzbyj-go-1.25.5.drv",
      "description": "Go Programming language",
      "install_id": "go",
      "license": "BSD-3-Clause",
      "locked_url": "https://github.com/flox/nixpkgs?rev=a82ccc39b39b621151d6732718e3e250109076fa",
      "name": "go-1.25.5",
      "pname": "go",
      "rev": "a82ccc39b39b621151d6732718e3e250109076fa",
      "rev_count": 945868,
      "rev_date": "2026-02-13T18:55:12Z",
      "scrape_date": "2026-02-15T05:11:40.352825Z",
      "stabilities": [
        "unstable"
      ],
      "unfree": false,
      "version": "1.25.5",
      "outputs_to_install": [
        "out"
      ],
      "outputs": {
        "out": "/nix/store/k3knzdi0v21bf2m7vcxpdy1jnqg1h0zk-go-1.25.5"
      },
      "system": "aarch64-linux",
      "group": "toplevel",
      "priority": 5
    },
    {
      "attr_path": "go",
      "broken": false,
      "derivation": "/nix/store/5m70w19x64mr74nzlmlmv2mia2k6mykd-go-1.25.5.drv",
      "description": "Go Programming language",
      "install_id": "go",
      "license": "BSD-3-Clause",
      "locked_url": "https://github.com/flox/nixpkgs?rev=a82ccc39b39b621151d6732718e3e250109076fa",
      "name": "go-1.25.5",
      "pname": "go",
      "rev": "a82ccc39b39b621151d6732718e3e250109076fa",
      "rev_count": 945868,
      "rev_date": "2026-02-13T18:55:12Z",
      "scrape_date": "2026-02-15T05:45:46.979689Z",
      "stabilities": [
        "unstable"
      ],
      "unfree": false,
      "version": "1.25.5",
      "outputs_to_install": [
        "out"
      ],
      "outputs": {
        "out": "/nix/store/bwdahzajhqd5x14dbvkqww5f1wpsxif3-go-1.25.5"
      },
      "system": "x86_64-darwin",
      "group": "toplevel",
      "priority": 5
    },
    {
      "attr_path": "go",
      "broken": false,
      "derivation": "/nix/store/3xvlqyw28f7hk7qmk3f18pzi6c7ymzy8-go-1.25.5.drv",
      "description": "Go Programming language",
      "install_id": "go",
      "license": "BSD-3-Clause",
      "locked_url": "https://github.com/flox/nixpkgs?rev=a82ccc39b39b621151d6732718e3e250109076fa",
      "name": "go-1.25.5",
      "pname": "go",
      "rev": "a82ccc39b39b621151d6732718e3e250109076fa",
      "rev_count": 945868,
      "rev_date": "2026-02-13T18:55:12Z",
      "scrape_date": "2026-02-15T06:21:10.778878Z",
      "stabilities": [
        "unstable"
      ],
      "unfree": false,
      "version": "1.25.5",
      "outputs_to_install": [
        "out",
        "out",
        "out",
        "out",
        "out"
      ],
      "outputs": {
        "out": "/nix/store/zzvsjgylnphvhms3lgr2qlwdxmc68z66-go-1.25.5"
      },
      "system": "x86_64-linux",
      "group": "toplevel",
      "priority": 5
    },
    {
      "attr_path": "gum",
      "broken": false,
      "derivation": "/nix/store/a1l884a7ihsnpbbsv7dgyhrhxr0dy88g-gum-0.17.0.drv",
      "description": "Tasty Bubble Gum for your shell",
      "install_id": "gum",
      "license": "MIT",
      "locked_url": "https://github.com/flox/nixpkgs?rev=a82ccc39b39b621151d6732718e3e250109076fa",
      "name": "gum-0.17.0",
      "pname": "gum",
      "rev": "a82ccc39b39b621151d6732718e3e250109076fa",
      "rev_count": 945868,
      "rev_date": "2026-02-13T18:55:12Z",
      "scrape_date": "2026-02-15T04:39:03.648173Z",
      "stabilities": [
        "unstable"
      ],
      "unfree": false,
      "version": "0.17.0",
      "outputs_to_install": [
        "out",
        "out",
        "out",
        "out"
      ],
      "outputs": {
        "out": "/nix/store/pjh70r1gc4ylrc925kp6k74223n2r0hb-gum-0.17.0"
      },
      "system": "aarch64-darwin",
      "group": "toplevel",
      "priority": 5
    },
    {
      "attr_path": "gum",
      "broken": false,
      "derivation": "/nix/store/lx61h7w2incwsb6ijqi26qw14q47l7iv-gum-0.17.0.drv",
      "description": "Tasty Bubble Gum for your shell",
      "install_id": "gum",
      "license": "MIT",
      "locked_url": "https://github.com/flox/nixpkgs?rev=a82ccc39b39b621151d6732718e3e250109076fa",
      "name": "gum-0.17.0",
      "pname": "gum",
      "rev": "a82ccc39b39b621151d6732718e3e250109076fa",
      "rev_count": 945868,
      "rev_date": "2026-02-13T18:55:12Z",
      "scrape_date": "2026-02-15T05:11:40.710242Z",
      "stabilities": [
        "unstable"
      ],
      "unfree": false,
      "version": "0.17.0",
      "outputs_to_install": [
        "out",
        "out"
      ],
      "outputs": {
        "out": "/nix/store/7c6164p77vlzpbj5npz4nrn0gvylks50-gum-0.17.0"
      },
      "system": "aarch64-linux",
      "group": "toplevel",
      "priority": 5
    },
    {
      "attr_path": "gum",
      "broken": false,
      "derivation": "/nix/store/wd6qk0640rnnxi361ry2x2fb7bxsdixv-gum-0.17.0.drv",
      "description": "Tasty Bubble Gum for your shell",
      "install_id": "gum",
      "license": "MIT",
      "locked_url": "https://github.com/flox/nixpkgs?rev=a82ccc39b39b621151d6732718e3e250109076fa",
      "name": "gum-0.17.0",
      "pname": "gum",
      "rev": "a82ccc39b39b621151d6732718e3e250109076fa",
      "rev_count": 945868,
      "rev_date": "2026-02-13T18:55:12Z",
      "scrape_date": "2026-02-15T05:45:47.202099Z",
      "stabilities": [
        "unstable"
      ],
      "unfree": false,
      "version": "0.17.0",
      "outputs_to_install": [
        "out",
        "out"
      ],
      "outputs": {
        "out": "/nix/store/xff8di1nlgqx2k7q5z6ma7jc02k5ravf-gum-0.17.0"
      },
      "system": "x86_64-darwin",
      "group": "toplevel",
      "priority": 5
    },
    {
      "attr_path": "gum",
      "broken": false,
      "derivation": "/nix/store/wkbcrdfhd3cifqw3gllsz2bsmik82c7v-gum-0.17.0.drv",
      "description": "Tasty Bubble Gum for your shell",
      "install_id": "gum",
      "license": "MIT",
      "locked_url": "https://github.com/flox/nixpkgs?rev=a82ccc39b39b621151d6732718e3e250109076fa",
      "name": "gum-0.17.0",
      "pname": "gum",
      "rev": "a82ccc39b39b621151d6732718e3e250109076fa",
      "rev_count": 945868,
      "rev_date": "2026-02-13T18:55:12Z",
      "scrape_date": "2026-02-15T06:21:11.170622Z",
      "stabilities": [
        "unstable"
      ],
      "unfree": false,
      "version": "0.17.0",
      "outputs_to_install": [
        "out",
        "out",
        "out",
        "out"
      ],
      "outputs": {
        "out": "/nix/store/99an674pwfn3fnhl050kkng9v8a3l1qb-gum-0.17.0"
      },
      "system": "x86_64-linux",
      "group": "toplevel",
      "priority": 5
    },
    {
      "attr_path": "imagemagick",
      "broken": false,
      "derivation": "/nix/store/mfgx0wfqqq4flrvbw3c23wy9b22kap3m-imagemagick-7.1.2-12.drv",
      "description": "Software suite to create, edit, compose, or convert bitmap images",
      "install_id": "imagemagick",
      "license": "Apache-2.0",
      "locked_url": "https://github.com/flox/nixpkgs?rev=a82ccc39b39b621151d6732718e3e250109076fa",
      "name": "imagemagick-7.1.2-12",
      "pname": "imagemagick",
      "rev": "a82ccc39b39b621151d6732718e3e250109076fa",
      "rev_count": 945868,
      "rev_date": "2026-02-13T18:55:12Z",
      "scrape_date": "2026-02-15T04:39:17.965605Z",
      "stabilities": [
        "unstable"
      ],
      "unfree": false,
      "version": "7.1.2-12",
      "outputs_to_install": [
        "out"
      ],
      "outputs": {
        "dev": "/nix/store/mxks47yhp0ax42p27mdidzyx6970w0kh-imagemagick-7.1.2-12-dev",
        "doc": "/nix/store/iqiqy0rhcl992qb149675737ga0w0v7d-imagemagick-7.1.2-12-doc",
        "out": "/nix/store/qm3i85s0dfha5r320c5gyygaqnqxap0k-imagemagick-7.1.2-12"
      },
      "system": "aarch64-darwin",
      "group": "toplevel",
      "priority": 5
    },
    {
      "attr_path": "imagemagick",
      "broken": false,
      "derivation": "/nix/store/rldsmm6kga9flmmmm3yyzib8xq95yipx-imagemagick-7.1.2-12.drv",
      "description": "Software suite to create, edit, compose, or convert bitmap images",
      "install_id": "imagemagick",
      "license": "Apache-2.0",
      "locked_url": "https://github.com/flox/nixpkgs?rev=a82ccc39b39b621151d6732718e3e250109076fa",
      "name": "imagemagick-7.1.2-12",
      "pname": "imagemagick",
      "rev": "a82ccc39b39b621151d6732718e3e250109076fa",
      "rev_count": 945868,
      "rev_date": "2026-02-13T18:55:12Z",
      "scrape_date": "2026-02-15T05:11:57.891735Z",
      "stabilities": [
        "unstable"
      ],
      "unfree": false,
      "version": "7.1.2-12",
      "outputs_to_install": [
        "out",
        "out"
      ],
      "outputs": {
        "dev": "/nix/store/mk9cs25z5ngs8ip2z9m8kg2pp3sf4sr5-imagemagick-7.1.2-12-dev",
        "doc": "/nix/store/qaa257fbjzw8v9x2cy650cnlw954yib1-imagemagick-7.1.2-12-doc",
        "out": "/nix/store/ynkqmcr4kqx6jjp8mn0q7sqiax129yg5-imagemagick-7.1.2-12"
      },
      "system": "aarch64-linux",
      "group": "toplevel",
      "priority": 5
    },
    {
      "attr_path": "imagemagick",
      "broken": false,
      "derivation": "/nix/store/vicp9x1mj10gn3q048cn9pjy6y1fpfmv-imagemagick-7.1.2-12.drv",
      "description": "Software suite to create, edit, compose, or convert bitmap images",
      "install_id": "imagemagick",
      "license": "Apache-2.0",
      "locked_url": "https://github.com/flox/nixpkgs?rev=a82ccc39b39b621151d6732718e3e250109076fa",
      "name": "imagemagick-7.1.2-12",
      "pname": "imagemagick",
      "rev": "a82ccc39b39b621151d6732718e3e250109076fa",
      "rev_count": 945868,
      "rev_date": "2026-02-13T18:55:12Z",
      "scrape_date": "2026-02-15T05:46:01.337669Z",
      "stabilities": [
        "unstable"
      ],
      "unfree": false,
      "version": "7.1.2-12",
      "outputs_to_install": [
        "out"
      ],
      "outputs": {
        "dev": "/nix/store/bg195ahm482lwhn2zyambfywvkis9gvq-imagemagick-7.1.2-12-dev",
        "doc": "/nix/store/nmmii01cniapjkz0cdrzz8lfj92gkaym-imagemagick-7.1.2-12-doc",
        "out": "/nix/store/f3ngpyhmhpiw0z52gmajfhc3yirn364h-imagemagick-7.1.2-12"
      },
      "system": "x86_64-darwin",
      "group": "toplevel",
      "priority": 5
    },
    {
      "attr_path": "imagemagick",
      "broken": false,
      "derivation": "/nix/store/bj3mm7nly2pq0wjwpwvb2pj1iaq3g9sl-imagemagick-7.1.2-12.drv",
      "description": "Software suite to create, edit, compose, or convert bitmap images",
      "install_id": "imagemagick",
      "license": "Apache-2.0",
      "locked_url": "https://github.com/flox/nixpkgs?rev=a82ccc39b39b621151d6732718e3e250109076fa",
      "name": "imagemagick-7.1.2-12",
      "pname": "imagemagick",
      "rev": "a82ccc39b39b621151d6732718e3e250109076fa",
      "rev_count": 945868,
      "rev_date": "2026-02-13T18:55:12Z",
      "scrape_date": "2026-02-15T06:21:28.910116Z",
      "stabilities": [
        "unstable"
      ],
      "unfree": false,
      "version": "7.1.2-12",
      "outputs_to_install": [
        "out",
        "out"
      ],
      "outputs": {
        "dev": "/nix/store/pj6ixbvy24gfsb68p7i0214dgwnwm3lf-imagemagick-7.1.2-12-dev",
        "doc": "/nix/store/s3ds4smhj3s2kwwbazz4qz6lrhv7zqvn-imagemagick-7.1.2-12-doc",
        "out": "/nix/store/x60ccfr9gd8dqm91aqz8x5s8dhsdvr69-imagemagick-7.1.2-12"
      },
      "system": "x86_64-linux",
      "group": "toplevel",
      "priority": 5
    },
    {
      "attr_path": "jq",
      "broken": false,
      "derivation": "/nix/store/44r4r3dsjbhqmddw2vvxn9jra5sl12cq-jq-1.8.1.drv",
      "description": "Lightweight and flexible command-line JSON processor",
      "install_id": "jq",
      "license": "MIT",
      "locked_url": "https://github.com/flox/nixpkgs?rev=a82ccc39b39b621151d6732718e3e250109076fa",
      "name": "jq-1.8.1",
      "pname": "jq",
      "rev": "a82ccc39b39b621151d6732718e3e250109076fa",
      "rev_count": 945868,
      "rev_date": "2026-02-13T18:55:12Z",
      "scrape_date": "2026-02-15T04:39:18.497058Z",
      "stabilities": [
        "unstable"
      ],
      "unfree": false,
      "version": "1.8.1",
      "outputs_to_install": [
        "bin",
        "man"
      ],
      "outputs": {
        "bin": "/nix/store/qjs0qndyz1g97rsc1zp4cd692y5iph64-jq-1.8.1-bin",
        "dev": "/nix/store/bhryp10d5w5h9rsav5k9m9jb55z26bsl-jq-1.8.1-dev",
        "doc": "/nix/store/238sn0gg3i3i9v6kgx4g1k6b19frzy49-jq-1.8.1-doc",
        "man": "/nix/store/jlpyybc7pdh4gk17dc266d6a1szm7dk6-jq-1.8.1-man",
        "out": "/nix/store/n64h0247s3674kry90l6kszx06zyrgfn-jq-1.8.1"
      },
      "system": "aarch64-darwin",
      "group": "toplevel",
      "priority": 5
    },
    {
      "attr_path": "jq",
      "broken": false,
      "derivation": "/nix/store/gcqa6ab6iifng1rpfs5bb34nx9czg705-jq-1.8.1.drv",
      "description": "Lightweight and flexible command-line JSON processor",
      "install_id": "jq",
      "license": "MIT",
      "locked_url": "https://github.com/flox/nixpkgs?rev=a82ccc39b39b621151d6732718e3e250109076fa",
      "name": "jq-1.8.1",
      "pname": "jq",
      "rev": "a82ccc39b39b621151d6732718e3e250109076fa",
      "rev_count": 945868,
      "rev_date": "2026-02-13T18:55:12Z",
      "scrape_date": "2026-02-15T05:11:58.780932Z",
      "stabilities": [
        "unstable"
      ],
      "unfree": false,
      "version": "1.8.1",
      "outputs_to_install": [
        "bin",
        "bin",
        "man"
      ],
      "outputs": {
        "bin": "/nix/store/c1qm5fsn6qbl09xdjx649vifabypyywd-jq-1.8.1-bin",
        "dev": "/nix/store/2sy4y09ddbi64pbg4is078110z70jsdw-jq-1.8.1-dev",
        "doc": "/nix/store/vx81xggapqwdd2l64mmxrkbafih461jc-jq-1.8.1-doc",
        "man": "/nix/store/2pjwv0ab8nilrg1lvjazf9y9w6g6pk5y-jq-1.8.1-man",
        "out": "/nix/store/cfhajjz1k7gf31krbj18q9acb54xp5z9-jq-1.8.1"
      },
      "system": "aarch64-linux",
      "group": "toplevel",
      "priority": 5
    },
    {
      "attr_path": "jq",
      "broken": false,
      "derivation": "/nix/store/9bq94zr10wpaijpz606hwnkk08brv1md-jq-1.8.1.drv",
      "description": "Lightweight and flexible command-line JSON processor",
      "install_id": "jq",
      "license": "MIT",
      "locked_url": "https://github.com/flox/nixpkgs?rev=a82ccc39b39b621151d6732718e3e250109076fa",
      "name": "jq-1.8.1",
      "pname": "jq",
      "rev": "a82ccc39b39b621151d6732718e3e250109076fa",
      "rev_count": 945868,
      "rev_date": "2026-02-13T18:55:12Z",
      "scrape_date": "2026-02-15T05:46:01.890661Z",
      "stabilities": [
        "unstable"
      ],
      "unfree": false,
      "version": "1.8.1",
      "outputs_to_install": [
        "bin",
        "man"
      ],
      "outputs": {
        "bin": "/nix/store/51343hgchh7by4l8r1g244ma05ny3x0b-jq-1.8.1-bin",
        "dev": "/nix/store/pp2hrljvalrrwyxh7is69nnlmxb2m7lk-jq-1.8.1-dev",
        "doc": "/nix/store/h05xaf7fsasgp8cpyar2195cc8lbgih8-jq-1.8.1-doc",
        "man": "/nix/store/vx840ik1sj1h8fhqwa40aglvrgpa0r18-jq-1.8.1-man",
        "out": "/nix/store/bmg2xfw86wavg7fm062nyf6v48xzxh0j-jq-1.8.1"
      },
      "system": "x86_64-darwin",
      "group": "toplevel",
      "priority": 5
    },
    {
      "attr_path": "jq",
      "broken": false,
      "derivation": "/nix/store/ni2zx8nd9ja3ar6ar568r8l4wy80knn2-jq-1.8.1.drv",
      "description": "Lightweight and flexible command-line JSON processor",
      "install_id": "jq",
      "license": "MIT",
      "locked_url": "https://github.com/flox/nixpkgs?rev=a82ccc39b39b621151d6732718e3e250109076fa",
      "name": "jq-1.8.1",
      "pname": "jq",
      "rev": "a82ccc39b39b621151d6732718e3e250109076fa",
      "rev_count": 945868,
      "rev_date": "2026-02-13T18:55:12Z",
      "scrape_date": "2026-02-15T06:21:29.882484Z",
      "stabilities": [
        "unstable"
      ],
      "unfree": false,
      "version": "1.8.1",
      "outputs_to_install": [
        "bin",
        "bin",
        "man"
      ],
      "outputs": {
        "bin": "/nix/store/qnaw7i777j52fpgbl5pgmzkq85znp083-jq-1.8.1-bin",
        "dev": "/nix/store/d73i1fvhrqms0sbfrvqaynsr8iva216v-jq-1.8.1-dev",
        "doc": "/nix/store/3ynrp4ypwv1g1jgsk638443p8lpd9g8f-jq-1.8.1-doc",
        "man": "/nix/store/6mh88qsh57ivh31c5nqxc43n0hv9xhbk-jq-1.8.1-man",
        "out": "/nix/store/fgsvqffyvcpjqs093wwf2d6dzxnmnqnv-jq-1.8.1"
      },
      "system": "x86_64-linux",
      "group": "toplevel",
      "priority": 5
    },
    {
      "attr_path": "libxml2",
      "broken": false,
      "derivation": "/nix/store/jbsga8ix401qgz316xqqkfgpbl897plg-libxml2-2.15.1.drv",
      "description": "XML parsing library for C",
      "install_id": "libxml2",
      "license": "MIT",
      "locked_url": "https://github.com/flox/nixpkgs?rev=a82ccc39b39b621151d6732718e3e250109076fa",
      "name": "libxml2-2.15.1",
      "pname": "libxml2",
      "rev": "a82ccc39b39b621151d6732718e3e250109076fa",
      "rev_count": 945868,
      "rev_date": "2026-02-13T18:55:12Z",
      "scrape_date": "2026-02-15T04:39:20.882925Z",
      "stabilities": [
        "unstable"
      ],
      "unfree": false,
      "version": "2.15.1",
      "outputs_to_install": [
        "bin",
        "bin"
      ],
      "outputs": {
        "bin": "/nix/store/h3laz2d0imz3mmvbp42psr9jxrxzmk3h-libxml2-2.15.1-bin",
        "dev": "/nix/store/ab43gk9xl2ssnz3yzs484csd5axv1kqk-libxml2-2.15.1-dev",
        "out": "/nix/store/xawkykvib1nndn83897hpqch02n087gg-libxml2-2.15.1"
      },
      "system": "aarch64-darwin",
      "group": "toplevel",
      "priority": 5
    },
    {
      "attr_path": "libxml2",
      "broken": false,
      "derivation": "/nix/store/sknkyhhh0l050hfkkk93cf2xps2fbkzz-libxml2-2.15.1.drv",
      "description": "XML parsing library for C",
      "install_id": "libxml2",
      "license": "MIT",
      "locked_url": "https://github.com/flox/nixpkgs?rev=a82ccc39b39b621151d6732718e3e250109076fa",
      "name": "libxml2-2.15.1",
      "pname": "libxml2",
      "rev": "a82ccc39b39b621151d6732718e3e250109076fa",
      "rev_count": 945868,
      "rev_date": "2026-02-13T18:55:12Z",
      "scrape_date": "2026-02-15T05:12:03.058255Z",
      "stabilities": [
        "unstable"
      ],
      "unfree": false,
      "version": "2.15.1",
      "outputs_to_install": [
        "bin",
        "bin"
      ],
      "outputs": {
        "bin": "/nix/store/l8xc4za7xcsrsmz32vxvqx0wjkgqvlkl-libxml2-2.15.1-bin",
        "dev": "/nix/store/wcp4b4rp8k1iigl43hc7i3nksq3q3agk-libxml2-2.15.1-dev",
        "out": "/nix/store/r2rrlbp936ipkhcwc67zxmkqzghvgc3a-libxml2-2.15.1"
      },
      "system": "aarch64-linux",
      "group": "toplevel",
      "priority": 5
    },
    {
      "attr_path": "libxml2",
      "broken": false,
      "derivation": "/nix/store/gi5b9nniaw0cbvfymabcjimk2s9fwhpa-libxml2-2.15.1.drv",
      "description": "XML parsing library for C",
      "install_id": "libxml2",
      "license": "MIT",
      "locked_url": "https://github.com/flox/nixpkgs?rev=a82ccc39b39b621151d6732718e3e250109076fa",
      "name": "libxml2-2.15.1",
      "pname": "libxml2",
      "rev": "a82ccc39b39b621151d6732718e3e250109076fa",
      "rev_count": 945868,
      "rev_date": "2026-02-13T18:55:12Z",
      "scrape_date": "2026-02-15T05:46:04.195350Z",
      "stabilities": [
        "unstable"
      ],
      "unfree": false,
      "version": "2.15.1",
      "outputs_to_install": [
        "bin"
      ],
      "outputs": {
        "bin": "/nix/store/g64fl93gz71liz9zdqvf6g2ny7rsax9a-libxml2-2.15.1-bin",
        "dev": "/nix/store/18kdbs2m7xnip0ga1acj70a347xyppca-libxml2-2.15.1-dev",
        "out": "/nix/store/1jjbhma370vyaz3kl31k4qiz37l3az6b-libxml2-2.15.1"
      },
      "system": "x86_64-darwin",
      "group": "toplevel",
      "priority": 5
    },
    {
      "attr_path": "libxml2",
      "broken": false,
      "derivation": "/nix/store/yfb66x307b6cp9anhz6h2i3w7688qj7r-libxml2-2.15.1.drv",
      "description": "XML parsing library for C",
      "install_id": "libxml2",
      "license": "MIT",
      "locked_url": "https://github.com/flox/nixpkgs?rev=a82ccc39b39b621151d6732718e3e250109076fa",
      "name": "libxml2-2.15.1",
      "pname": "libxml2",
      "rev": "a82ccc39b39b621151d6732718e3e250109076fa",
      "rev_count": 945868,
      "rev_date": "2026-02-13T18:55:12Z",
      "scrape_date": "2026-02-15T06:21:34.196554Z",
      "stabilities": [
        "unstable"
      ],
      "unfree": false,
      "version": "2.15.1",
      "outputs_to_install": [
        "bin",
        "bin"
      ],
      "outputs": {
        "bin": "/nix/store/r40kqrp7ghjypfc0p9kjwgb14mxmjciw-libxml2-2.15.1-bin",
        "dev": "/nix/store/yl9p47yg3qzw1xf9b3pnfav0mgy1qik9-libxml2-2.15.1-dev",
        "out": "/nix/store/81cfgyhfaadhh0vs4nf74yhcclgbav87-libxml2-2.15.1"
      },
      "system": "x86_64-linux",
      "group": "toplevel",
      "priority": 5
    },
    {
      "attr_path": "sqlite-interactive",
      "broken": false,
      "derivation": "/nix/store/lggd3lnxla642v4m2jdc8ah2fwdn4v5k-sqlite-interactive-3.51.2.drv",
      "description": "Self-contained, serverless, zero-configuration, transactional SQL database engine",
      "install_id": "sqlite-interactive",
      "license": "Public Domain",
      "locked_url": "https://github.com/flox/nixpkgs?rev=a82ccc39b39b621151d6732718e3e250109076fa",
      "name": "sqlite-interactive-3.51.2",
      "pname": "sqlite-interactive",
      "rev": "a82ccc39b39b621151d6732718e3e250109076fa",
      "rev_count": 945868,
      "rev_date": "2026-02-13T18:55:12Z",
      "scrape_date": "2026-02-15T04:40:50.744299Z",
      "stabilities": [
        "unstable"
      ],
      "unfree": false,
      "version": "3.51.2",
      "outputs_to_install": [
        "bin",
        "man"
      ],
      "outputs": {
        "bin": "/nix/store/4sq0b30z2rmca4ph50dw98xzyyf0d1d4-sqlite-interactive-3.51.2-bin",
        "dev": "/nix/store/yp91ymqxq4w9qxg9c3f41znn6im4v6w1-sqlite-interactive-3.51.2-dev",
        "doc": "/nix/store/znklhwyy1ad3m6q7xncka1rqahwf6sa0-sqlite-interactive-3.51.2-doc",
        "man": "/nix/store/zb0s03mrvk69gzmzx4dw02y7jy7vnzn1-sqlite-interactive-3.51.2-man",
        "out": "/nix/store/2mhg470vmwqyjvzrd34m5xn5qmsnvplj-sqlite-interactive-3.51.2"
      },
      "system": "aarch64-darwin",
      "group": "toplevel",
      "priority": 5
    },
    {
      "attr_path": "sqlite-interactive",
      "broken": false,
      "derivation": "/nix/store/3qjwz2nizak0nz8qxli2ml2dgplj4wlf-sqlite-interactive-3.51.2.drv",
      "description": "Self-contained, serverless, zero-configuration, transactional SQL database engine",
      "install_id": "sqlite-interactive",
      "license": "Public Domain",
      "locked_url": "https://github.com/flox/nixpkgs?rev=a82ccc39b39b621151d6732718e3e250109076fa",
      "name": "sqlite-interactive-3.51.2",
      "pname": "sqlite-interactive",
      "rev": "a82ccc39b39b621151d6732718e3e250109076fa",
      "rev_count": 945868,
      "rev_date": "2026-02-13T18:55:12Z",
      "scrape_date": "2026-02-15T05:13:58.901065Z",
      "stabilities": [
        "unstable"
      ],
      "unfree": false,
      "version": "3.51.2",
      "outputs_to_install": [
        "bin",
        "man"
      ],
      "outputs": {
        "bin": "/nix/store/4in6z541xnh6x8wwq4ldr96v0gwa9bc6-sqlite-interactive-3.51.2-bin",
        "debug": "/nix/store/0rfsl4fbmk2glh0s1f7nf39xjynh2sr6-sqlite-interactive-3.51.2-debug",
        "dev": "/nix/store/3vyjfhnymzqwh5wsk6pllrs0iixvn9d3-sqlite-interactive-3.51.2-dev",
        "doc": "/nix/store/1bcsnfn6ihlsf5bzk50b3hg8qm52cc1x-sqlite-interactive-3.51.2-doc",
        "man": "/nix/store/r3fb8ss4947iwhlgl19p4svmbvj65va9-sqlite-interactive-3.51.2-man",
        "out": "/nix/store/y4f780q72c66psj6d9gb7md0gmjp6qwk-sqlite-interactive-3.51.2"
      },
      "system": "aarch64-linux",
      "group": "toplevel",
      "priority": 5
    },
    {
      "attr_path": "sqlite-interactive",
      "broken": false,
      "derivation": "/nix/store/0bxyprlibam59cm7lzagjk1ympcwl9ih-sqlite-interactive-3.51.2.drv",
      "description": "Self-contained, serverless, zero-configuration, transactional SQL database engine",
      "install_id": "sqlite-interactive",
      "license": "Public Domain",
      "locked_url": "https://github.com/flox/nixpkgs?rev=a82ccc39b39b621151d6732718e3e250109076fa",
      "name": "sqlite-interactive-3.51.2",
      "pname": "sqlite-interactive",
      "rev": "a82ccc39b39b621151d6732718e3e250109076fa",
      "rev_count": 945868,
      "rev_date": "2026-02-13T18:55:12Z",
      "scrape_date": "2026-02-15T05:47:31.071847Z",
      "stabilities": [
        "unstable"
      ],
      "unfree": false,
      "version": "3.51.2",
      "outputs_to_install": [
        "bin",
        "man"
      ],
      "outputs": {
        "bin": "/nix/store/h3hygz1hjqnj6bg20wipy4q2l6ckfjil-sqlite-interactive-3.51.2-bin",
        "dev": "/nix/store/gc2mkvylvmh9az19bblj67h8psdcr42r-sqlite-interactive-3.51.2-dev",
        "doc": "/nix/store/iidkvbi6sv76xv5n4nsjhlwlljhazax0-sqlite-interactive-3.51.2-doc",
        "man": "/nix/store/xrm8mzg8nni9cca4fhdzblfxwmzhjrfa-sqlite-interactive-3.51.2-man",
        "out": "/nix/store/sxs7c3rafv2h8a4kmbn98ihf8mpv74d5-sqlite-interactive-3.51.2"
      },
      "system": "x86_64-darwin",
      "group": "toplevel",
      "priority": 5
    },
    {
      "attr_path": "sqlite-interactive",
      "broken": false,
      "derivation": "/nix/store/1qhm1a9wr5s9jhgvmqi2mzs0x4mx47yl-sqlite-interactive-3.51.2.drv",
      "description": "Self-contained, serverless, zero-configuration, transactional SQL database engine",
      "install_id": "sqlite-interactive",
      "license": "Public Domain",
      "locked_url": "https://github.com/flox/nixpkgs?rev=a82ccc39b39b621151d6732718e3e250109076fa",
      "name": "sqlite-interactive-3.51.2",
      "pname": "sqlite-interactive",
      "rev": "a82ccc39b39b621151d6732718e3e250109076fa",
      "rev_count": 945868,
      "rev_date": "2026-02-13T18:55:12Z",
      "scrape_date": "2026-02-15T06:23:36.746465Z",
      "stabilities": [
        "unstable"
      ],
      "unfree": false,
      "version": "3.51.2",
      "outputs_to_install": [
        "bin",
        "man"
      ],
      "outputs": {
        "bin": "/nix/store/sksayd5bwxpriqx8m7k05xddinwxa7n3-sqlite-interactive-3.51.2-bin",
        "debug": "/nix/store/jkhw4qm83wawpdl4jyvcjjl4imzavk2z-sqlite-interactive-3.51.2-debug",
        "dev": "/nix/store/l2s3yvwf4p8w6vccjl2s1c3g3i34ri06-sqlite-interactive-3.51.2-dev",
        "doc": "/nix/store/k7iqhw8g52zh1f0qg8fckw7ylwfcw1sl-sqlite-interactive-3.51.2-doc",
        "man": "/nix/store/kpsg42bflgk993c3f6y6n9i9s61arvbk-sqlite-interactive-3.51.2-man",
        "out": "/nix/store/czipp4mihc9g1xkb5zrfc6va6fhlwxcg-sqlite-interactive-3.51.2"
      },
      "system": "x86_64-linux",
      "group": "toplevel",
      "priority": 5
    }
  ]
}
